
Microsoft Visual Studio Solution File, Format Version 12.00
# Visual Studio Version 16
VisualStudioVersion = 16.0.29503.13
MinimumVisualStudioVersion = 10.0.40219.1
Project("{FAE04EC0-301F-11D3-BF4B-00C04F79EFBC}") = "HWCH1-6", "HWCH1\HWCH1-6.csproj", "{BA632D97-CD34-4959-8969-71892AA7EA52}"
EndProject
Global
	GlobalSection(SolutionConfigurationPlatforms) = preSolution
		Debug|Any CPU = Debug|Any CPU
		Release|Any CPU = Release|Any CPU
	EndGlobalSection
	GlobalSection(ProjectConfigurationPlatforms) = postSolution
		{BA632D97-CD34-4959-8969-71892AA7EA52}.Debug|Any CPU.ActiveCfg = Debug|Any CPU
		{BA632D97-CD34-4959-8969-71892AA7EA52}.Debug|Any CPU.Build.0 = Debug|Any CPU
		{BA632D97-CD34-4959-8969-71892AA7EA52}.Release|Any CPU.ActiveCfg = Release|Any CPU
		{BA632D97-CD34-4959-8969-71892AA7EA52}.Release|Any CPU.Build.0 = Release|Any CPU
	EndGlobalSection
	GlobalSection(SolutionProperties) = preSolution
		HideSolutionNode = FALSE
	EndGlobalSection
	GlobalSection(ExtensibilityGlobals) = postSolution
		SolutionGuid = {39736C20-D91C-447F-90D0-5424C3E7D941}
	EndGlobalSection
EndGlobal
