
Microsoft Visual Studio Solution File, Format Version 12.00
# Visual Studio Version 16
VisualStudioVersion = 16.0.29503.13
MinimumVisualStudioVersion = 10.0.40219.1
Project("{FAE04EC0-301F-11D3-BF4B-00C04F79EFBC}") = "ConsoleApp1", "ConsoleApp1\ConsoleApp1.csproj", "{D6E45F98-3B8E-4507-9794-1BA97898B366}"
EndProject
Global
	GlobalSection(SolutionConfigurationPlatforms) = preSolution
		Debug|Any CPU = Debug|Any CPU
		Release|Any CPU = Release|Any CPU
	EndGlobalSection
	GlobalSection(ProjectConfigurationPlatforms) = postSolution
		{D6E45F98-3B8E-4507-9794-1BA97898B366}.Debug|Any CPU.ActiveCfg = Debug|Any CPU
		{D6E45F98-3B8E-4507-9794-1BA97898B366}.Debug|Any CPU.Build.0 = Debug|Any CPU
		{D6E45F98-3B8E-4507-9794-1BA97898B366}.Release|Any CPU.ActiveCfg = Release|Any CPU
		{D6E45F98-3B8E-4507-9794-1BA97898B366}.Release|Any CPU.Build.0 = Release|Any CPU
	EndGlobalSection
	GlobalSection(SolutionProperties) = preSolution
		HideSolutionNode = FALSE
	EndGlobalSection
	GlobalSection(ExtensibilityGlobals) = postSolution
		SolutionGuid = {26C243B0-D159-4552-A049-C814E294DB47}
	EndGlobalSection
EndGlobal
